
Microsoft Visual Studio Solution File, Format Version 12.00
# Visual Studio Version 17
VisualStudioVersion = 17.4.33213.308
MinimumVisualStudioVersion = 10.0.40219.1
Project("{FAE04EC0-301F-11D3-BF4B-00C04F79EFBC}") = "sifreleme", "sifreleme\sifreleme.csproj", "{1EA747FC-7CF8-4E5E-AF86-ABAB10554E96}"
EndProject
Global
	GlobalSection(SolutionConfigurationPlatforms) = preSolution
		Debug|Any CPU = Debug|Any CPU
		Release|Any CPU = Release|Any CPU
	EndGlobalSection
	GlobalSection(ProjectConfigurationPlatforms) = postSolution
		{1EA747FC-7CF8-4E5E-AF86-ABAB10554E96}.Debug|Any CPU.ActiveCfg = Debug|Any CPU
		{1EA747FC-7CF8-4E5E-AF86-ABAB10554E96}.Debug|Any CPU.Build.0 = Debug|Any CPU
		{1EA747FC-7CF8-4E5E-AF86-ABAB10554E96}.Release|Any CPU.ActiveCfg = Release|Any CPU
		{1EA747FC-7CF8-4E5E-AF86-ABAB10554E96}.Release|Any CPU.Build.0 = Release|Any CPU
	EndGlobalSection
	GlobalSection(SolutionProperties) = preSolution
		HideSolutionNode = FALSE
	EndGlobalSection
	GlobalSection(ExtensibilityGlobals) = postSolution
		SolutionGuid = {557FB18A-8445-4663-9B36-26A8FC68FB2C}
	EndGlobalSection
EndGlobal
